
Microsoft Visual Studio Solution File, Format Version 12.00
# Visual Studio Version 17
VisualStudioVersion = 17.2.32519.379
MinimumVisualStudioVersion = 10.0.40219.1
Project("{FAE04EC0-301F-11D3-BF4B-00C04F79EFBC}") = "PropsWPU221", "PropsWPU221\PropsWPU221.csproj", "{BF96693E-4BE4-400B-ADC1-DBEDB6B05319}"
EndProject
Global
	GlobalSection(SolutionConfigurationPlatforms) = preSolution
		Debug|Any CPU = Debug|Any CPU
		Release|Any CPU = Release|Any CPU
	EndGlobalSection
	GlobalSection(ProjectConfigurationPlatforms) = postSolution
		{BF96693E-4BE4-400B-ADC1-DBEDB6B05319}.Debug|Any CPU.ActiveCfg = Debug|Any CPU
		{BF96693E-4BE4-400B-ADC1-DBEDB6B05319}.Debug|Any CPU.Build.0 = Debug|Any CPU
		{BF96693E-4BE4-400B-ADC1-DBEDB6B05319}.Release|Any CPU.ActiveCfg = Release|Any CPU
		{BF96693E-4BE4-400B-ADC1-DBEDB6B05319}.Release|Any CPU.Build.0 = Release|Any CPU
	EndGlobalSection
	GlobalSection(SolutionProperties) = preSolution
		HideSolutionNode = FALSE
	EndGlobalSection
	GlobalSection(ExtensibilityGlobals) = postSolution
		SolutionGuid = {0733C6CC-A455-4825-9742-AC922FD32A12}
	EndGlobalSection
EndGlobal
